
Microsoft Visual Studio Solution File, Format Version 12.00
# Visual Studio Version 16
VisualStudioVersion = 16.0.31410.357
MinimumVisualStudioVersion = 10.0.40219.1
Project("{FAE04EC0-301F-11D3-BF4B-00C04F79EFBC}") = "MovieRegistration", "MovieRegistration\MovieRegistration.csproj", "{3E33ACCC-38EC-49BB-804C-50F81DA420F8}"
EndProject
Global
	GlobalSection(SolutionConfigurationPlatforms) = preSolution
		Debug|Any CPU = Debug|Any CPU
		Release|Any CPU = Release|Any CPU
	EndGlobalSection
	GlobalSection(ProjectConfigurationPlatforms) = postSolution
		{3E33ACCC-38EC-49BB-804C-50F81DA420F8}.Debug|Any CPU.ActiveCfg = Debug|Any CPU
		{3E33ACCC-38EC-49BB-804C-50F81DA420F8}.Debug|Any CPU.Build.0 = Debug|Any CPU
		{3E33ACCC-38EC-49BB-804C-50F81DA420F8}.Release|Any CPU.ActiveCfg = Release|Any CPU
		{3E33ACCC-38EC-49BB-804C-50F81DA420F8}.Release|Any CPU.Build.0 = Release|Any CPU
	EndGlobalSection
	GlobalSection(SolutionProperties) = preSolution
		HideSolutionNode = FALSE
	EndGlobalSection
	GlobalSection(ExtensibilityGlobals) = postSolution
		SolutionGuid = {CAE95E81-E32C-41E1-B474-F26F356F317F}
	EndGlobalSection
EndGlobal
